
Microsoft Visual Studio Solution File, Format Version 12.00
# Visual Studio Version 17
VisualStudioVersion = 17.5.002.0
MinimumVisualStudioVersion = 10.0.40219.1
Project("{9A19103F-16F7-4668-BE54-9A1E7A4F7556}") = "background-job-real-world-demo", "background-job-real-world-demo.csproj", "{C21A2F4C-932F-4609-B183-45FD6B1EF5F9}"
EndProject
Global
	GlobalSection(SolutionConfigurationPlatforms) = preSolution
		Debug|Any CPU = Debug|Any CPU
		Release|Any CPU = Release|Any CPU
	EndGlobalSection
	GlobalSection(ProjectConfigurationPlatforms) = postSolution
		{C21A2F4C-932F-4609-B183-45FD6B1EF5F9}.Debug|Any CPU.ActiveCfg = Debug|Any CPU
		{C21A2F4C-932F-4609-B183-45FD6B1EF5F9}.Debug|Any CPU.Build.0 = Debug|Any CPU
		{C21A2F4C-932F-4609-B183-45FD6B1EF5F9}.Release|Any CPU.ActiveCfg = Release|Any CPU
		{C21A2F4C-932F-4609-B183-45FD6B1EF5F9}.Release|Any CPU.Build.0 = Release|Any CPU
	EndGlobalSection
	GlobalSection(SolutionProperties) = preSolution
		HideSolutionNode = FALSE
	EndGlobalSection
	GlobalSection(ExtensibilityGlobals) = postSolution
		SolutionGuid = {9F7F4F6D-B57F-4F9C-AF37-5B236BBF111E}
	EndGlobalSection
EndGlobal
